<?xml version="1.0" encoding="utf-8"?>
<Project ToolsVersion="4.0" xmlns="http://schemas.microsoft.com/developer/msbuild/2003">
  <ItemGroup>
    <ClCompile Include="main.cpp" />
    <ClCompile Include="application\Order.cpp" />
    <ClCompile Include="application\scene\SceneRegistration.cpp" />
    <ClCompile Include="application\scene\Stage\StageScene.cpp" />
    <ClCompile Include="application\scene\Clear\GameClearScene.cpp" />
    <ClCompile Include="application\scene\User\SatouScene.cpp" />
    <ClCompile Include="application\scene\Sample\SampleScene.cpp" />
    <ClCompile Include="application\scene\Title\TitleScene.cpp" />
    <ClCompile Include="application\scene\Over\GameOverScene.cpp" />
    <ClCompile Include="application\scene\User\SanoScene.cpp" />
    <ClCompile Include="application\scene\User\OosakiScene.cpp" />
    <ClCompile Include="application\scene\User\TuboScene.cpp" />
    <ClCompile Include="application\RubikCube\RubikCube.cpp" />
    <ClCompile Include="application\RubikCube\BaseRubikCubeState.cpp" />
    <ClCompile Include="application\stageClear\StageClear.cpp" />
    <ClCompile Include="Ui.cpp" />
    <ClCompile Include="application\scene\Option\OptionScene.cpp" />
    <ClCompile Include="application\settings\Settings.cpp" />
    <ClCompile Include="application\audio\AudioManager.cpp" />
    <ClCompile Include="CubeMapConverter.cpp" />
    <ClCompile Include="StageLoader.cpp" />
    <ClCompile Include="StageBuilder.cpp" />
    <ClCompile Include="application\scene\Tutorial\TutorialScene.cpp" />
    <ClCompile Include="TutorialUI.cpp" />
    <ClCompile Include="application\scene\Select\StageSelectScene.cpp" />
  </ItemGroup>
  <ItemGroup>
    <ClInclude Include="application\Order.h" />
    <ClInclude Include="application\scene\GameScenes.h" />
    <ClInclude Include="application\scene\SceneRegistration.h" />
    <ClInclude Include="application\scene\Stage\StageScene.h" />
    <ClInclude Include="application\scene\Clear\GameClearScene.h" />
    <ClInclude Include="application\scene\User\SatouScene.h" />
    <ClInclude Include="application\scene\Sample\SampleScene.h" />
    <ClInclude Include="application\scene\Title\TitleScene.h" />
    <ClInclude Include="application\scene\Over\GameOverScene.h" />
    <ClInclude Include="application\scene\User\SanoScene.h" />
    <ClInclude Include="application\scene\User\OosakiScene.h" />
    <ClInclude Include="application\scene\User\TuboScene.h" />
    <ClInclude Include="application\RubikCube\RubikCube.h" />
    <ClInclude Include="application\RubikCube\BaseRubikCubeState.h" />
    <ClInclude Include="application\stageClear\StageClear.h" />
    <ClInclude Include="Ui.h" />
    <ClInclude Include="application\scene\Option\OptionScene.h" />
    <ClInclude Include="application\settings\Settings.h" />
    <ClInclude Include="application\audio\AudioManager.h" />
    <ClInclude Include="CubeMapConverter.h" />
    <ClInclude Include="application\HoleData.h" />
    <ClInclude Include="application\MapChip.h" />
    <ClInclude Include="application\FaceType.h" />
    <ClInclude Include="application\HoleType.h" />
    <ClInclude Include="application\GridPos.h" />
    <ClInclude Include="StageLoader.h" />
    <ClInclude Include="application\WallData.h" />
    <ClInclude Include="StageBuilder.h" />
    <ClInclude Include="application\scene\Tutorial\TutorialScene.h" />
    <ClInclude Include="TutorialUI.h" />
    <ClInclude Include="application\scene\Select\StageSelectScene.h" />
  </ItemGroup>
  <ItemGroup>
    <Filter Include="application">
      <UniqueIdentifier>{829097b8-eddb-4079-ab4b-cbe06e984fa4}</UniqueIdentifier>
    </Filter>
  </ItemGroup>
</Project>